
Microsoft Visual Studio Solution File, Format Version 12.00
# Visual Studio Version 17
VisualStudioVersion = 17.5.002.0
MinimumVisualStudioVersion = 10.0.40219.1
Project("{2150E333-8FDC-42A3-9474-1A3956D46DE8}") = "CalendarBase", "CalendarBase", "{A11084D6-4D2F-4578-8890-37FA76403677}"
EndProject
Project("{9A19103F-16F7-4668-BE54-9A1E7A4F7556}") = "CalendarBase", "CalendarBase\Files\CalendarBase.csproj", "{C17377D7-E74B-4E54-8354-9CAC56FCE4FA}"
EndProject
Project("{2150E333-8FDC-42A3-9474-1A3956D46DE8}") = "CrtBaseConsts", "CrtBaseConsts", "{A608E8B9-FE5A-4678-8BB1-486F7FA6E3B1}"
EndProject
Project("{9A19103F-16F7-4668-BE54-9A1E7A4F7556}") = "CrtBaseConsts", "CrtBaseConsts\Files\CrtBaseConsts.csproj", "{0A7D8E5F-3AF0-4274-A8E7-80C5B57B2895}"
EndProject
Project("{2150E333-8FDC-42A3-9474-1A3956D46DE8}") = "CrtC360InUiV2", "CrtC360InUiV2", "{C3693AD2-9EFD-45E6-B31C-FA9927903078}"
EndProject
Project("{9A19103F-16F7-4668-BE54-9A1E7A4F7556}") = "CrtC360InUiV2", "CrtC360InUiV2\Files\CrtC360InUiV2.csproj", "{56E8714D-BDC7-4D9D-BC25-D5E72683FBA1}"
EndProject
Project("{2150E333-8FDC-42A3-9474-1A3956D46DE8}") = "CrtCalendar", "CrtCalendar", "{C572463A-AB20-43C0-A437-0FEE75848844}"
EndProject
Project("{9A19103F-16F7-4668-BE54-9A1E7A4F7556}") = "CrtCalendar", "CrtCalendar\Files\CrtCalendar.csproj", "{36E2C5C7-B2E5-4CF9-B3B4-7C579AB051AA}"
EndProject
Project("{2150E333-8FDC-42A3-9474-1A3956D46DE8}") = "CrtCall", "CrtCall", "{C86D7B0D-8870-4C38-BB18-87B6EE2115D0}"
EndProject
Project("{9A19103F-16F7-4668-BE54-9A1E7A4F7556}") = "CrtCall", "CrtCall\Files\CrtCall.csproj", "{CB12E2A2-B7E4-4A51-8D91-378A0E84D041}"
EndProject
Project("{2150E333-8FDC-42A3-9474-1A3956D46DE8}") = "CrtCore", "CrtCore", "{FAADD57D-9102-4D2B-8C26-F82F9246802C}"
EndProject
Project("{9A19103F-16F7-4668-BE54-9A1E7A4F7556}") = "CrtCore", "CrtCore\Files\CrtCore.csproj", "{84899916-6B77-48A8-9E69-8B55BC3F3EF5}"
EndProject
Project("{2150E333-8FDC-42A3-9474-1A3956D46DE8}") = "CrtCoreBase", "CrtCoreBase", "{A9F920A1-0DD4-4D12-B56D-7EA7D6D33891}"
EndProject
Project("{9A19103F-16F7-4668-BE54-9A1E7A4F7556}") = "CrtCoreBase", "CrtCoreBase\Files\CrtCoreBase.csproj", "{20D3E8E7-6DB6-4E5A-9371-2D220FEAC179}"
EndProject
Project("{2150E333-8FDC-42A3-9474-1A3956D46DE8}") = "CrtCustomer360App", "CrtCustomer360App", "{CF564142-9A74-4B89-AD49-07684430094B}"
EndProject
Project("{9A19103F-16F7-4668-BE54-9A1E7A4F7556}") = "CrtCustomer360App", "CrtCustomer360App\Files\CrtCustomer360App.csproj", "{71271D46-3619-4A53-8559-470CBB0E363F}"
EndProject
Project("{2150E333-8FDC-42A3-9474-1A3956D46DE8}") = "CrtCustomer360Mobile", "CrtCustomer360Mobile", "{5A65553E-AC55-4388-965E-D7B0F4846F5F}"
EndProject
Project("{9A19103F-16F7-4668-BE54-9A1E7A4F7556}") = "CrtCustomer360Mobile", "CrtCustomer360Mobile\Files\CrtCustomer360Mobile.csproj", "{5D7DCD1F-973F-429D-97C0-193ADB16BC59}"
EndProject
Project("{2150E333-8FDC-42A3-9474-1A3956D46DE8}") = "CrtEmailSender", "CrtEmailSender", "{ABA04FD3-B79F-412C-8B95-7D9827ADE785}"
EndProject
Project("{9A19103F-16F7-4668-BE54-9A1E7A4F7556}") = "CrtEmailSender", "CrtEmailSender\Files\CrtEmailSender.csproj", "{10645FCF-4CA4-4272-AD1A-1CFCE42650F8}"
EndProject
Project("{2150E333-8FDC-42A3-9474-1A3956D46DE8}") = "CrtEmailTemplate", "CrtEmailTemplate", "{BCA73644-BFE0-4D14-9664-1DE5C0F3E433}"
EndProject
Project("{9A19103F-16F7-4668-BE54-9A1E7A4F7556}") = "CrtEmailTemplate", "CrtEmailTemplate\Files\CrtEmailTemplate.csproj", "{E84DFA75-7AC5-41BE-9DF6-E1A811E06856}"
EndProject
Project("{2150E333-8FDC-42A3-9474-1A3956D46DE8}") = "CrtFeatureToggling", "CrtFeatureToggling", "{DA774B5F-9FFD-4A7E-A4BE-83E514901E07}"
EndProject
Project("{9A19103F-16F7-4668-BE54-9A1E7A4F7556}") = "CrtFeatureToggling", "CrtFeatureToggling\Files\CrtFeatureToggling.csproj", "{7B6B34C5-B30D-4056-90F3-51F8CC0138B0}"
EndProject
Project("{2150E333-8FDC-42A3-9474-1A3956D46DE8}") = "CrtMacrosBase", "CrtMacrosBase", "{987E8A06-E417-4E2F-89BE-80D1400DF3BF}"
EndProject
Project("{9A19103F-16F7-4668-BE54-9A1E7A4F7556}") = "CrtMacrosBase", "CrtMacrosBase\Files\CrtMacrosBase.csproj", "{9927206A-B84D-4BA7-9ADB-D7A3AE2ED5B3}"
EndProject
Project("{2150E333-8FDC-42A3-9474-1A3956D46DE8}") = "CrtMessage", "CrtMessage", "{51677525-41FF-4E35-A8D9-B5C3414E7BC6}"
EndProject
Project("{9A19103F-16F7-4668-BE54-9A1E7A4F7556}") = "CrtMessage", "CrtMessage\Files\CrtMessage.csproj", "{DB7E8BB4-9737-44C2-B659-F8CA900A1389}"
EndProject
Project("{2150E333-8FDC-42A3-9474-1A3956D46DE8}") = "CrtML", "CrtML", "{922D6E53-9765-45AE-B23B-7BC9D8AA0A40}"
EndProject
Project("{9A19103F-16F7-4668-BE54-9A1E7A4F7556}") = "CrtML", "CrtML\Files\CrtML.csproj", "{7B89197D-D8E4-4FB9-8BE0-9CBB36B2A614}"
EndProject
Project("{2150E333-8FDC-42A3-9474-1A3956D46DE8}") = "CrtMLangContent", "CrtMLangContent", "{5978701B-6C10-4506-B848-DB86828141DD}"
EndProject
Project("{9A19103F-16F7-4668-BE54-9A1E7A4F7556}") = "CrtMLangContent", "CrtMLangContent\Files\CrtMLangContent.csproj", "{D2791F38-3B6E-48F4-AE76-710E2995A0A0}"
EndProject
Project("{2150E333-8FDC-42A3-9474-1A3956D46DE8}") = "CrtNextStep", "CrtNextStep", "{C7E5C0CA-56FB-453A-B7BD-7DE72643A7F6}"
EndProject
Project("{9A19103F-16F7-4668-BE54-9A1E7A4F7556}") = "CrtNextStep", "CrtNextStep\Files\CrtNextStep.csproj", "{C6AAFD52-F7C8-4C34-951D-E8AC74009435}"
EndProject
Project("{2150E333-8FDC-42A3-9474-1A3956D46DE8}") = "CrtOmnichannelApp", "CrtOmnichannelApp", "{9C9CFF95-52F7-48EB-BFB2-87C1B90281B3}"
EndProject
Project("{9A19103F-16F7-4668-BE54-9A1E7A4F7556}") = "CrtOmnichannelApp", "CrtOmnichannelApp\Files\CrtOmnichannelApp.csproj", "{1EA96B1F-DBD5-4C9C-A289-347AFD6B9FC3}"
EndProject
Project("{2150E333-8FDC-42A3-9474-1A3956D46DE8}") = "CrtProductivityApp", "CrtProductivityApp", "{7A6D95E4-C0A3-4808-8CC7-B0DCB7A4AFC7}"
EndProject
Project("{9A19103F-16F7-4668-BE54-9A1E7A4F7556}") = "CrtProductivityApp", "CrtProductivityApp\Files\CrtProductivityApp.csproj", "{79F48627-ABE0-4A7E-9110-0EEF1054819C}"
EndProject
Project("{2150E333-8FDC-42A3-9474-1A3956D46DE8}") = "CrtSecurity", "CrtSecurity", "{6E210B52-5BBC-4A9B-82AB-C5F61A51DF4A}"
EndProject
Project("{9A19103F-16F7-4668-BE54-9A1E7A4F7556}") = "CrtSecurity", "CrtSecurity\Files\CrtSecurity.csproj", "{62384524-791F-4334-B89C-3D33D85B3997}"
EndProject
Project("{2150E333-8FDC-42A3-9474-1A3956D46DE8}") = "CrtSmsIntegration", "CrtSmsIntegration", "{4C214F8A-E9FD-4586-BE2E-065228606822}"
EndProject
Project("{9A19103F-16F7-4668-BE54-9A1E7A4F7556}") = "CrtSmsIntegration", "CrtSmsIntegration\Files\CrtSmsIntegration.csproj", "{2D3E29C5-97C2-42F8-91B7-D97E630FB9CB}"
EndProject
Project("{2150E333-8FDC-42A3-9474-1A3956D46DE8}") = "CrtTouchPointBase", "CrtTouchPointBase", "{DFE38417-C7FA-41EB-9287-29DDD95517B8}"
EndProject
Project("{9A19103F-16F7-4668-BE54-9A1E7A4F7556}") = "CrtTouchPointBase", "CrtTouchPointBase\Files\CrtTouchPointBase.csproj", "{BF3D8836-411D-42C2-A59F-A8188FDD284F}"
EndProject
Project("{2150E333-8FDC-42A3-9474-1A3956D46DE8}") = "CrtUIPlatform", "CrtUIPlatform", "{846E5B0B-541F-4622-8746-78D2A381095D}"
EndProject
Project("{9A19103F-16F7-4668-BE54-9A1E7A4F7556}") = "CrtUIPlatform", "CrtUIPlatform\Files\CrtUIPlatform.csproj", "{27B83941-A026-4E19-BCCA-3A87E1E59E4E}"
EndProject
Project("{2150E333-8FDC-42A3-9474-1A3956D46DE8}") = "CrtUIPlatform7x", "CrtUIPlatform7x", "{566C773A-C3CE-42EE-B72B-2B959875FFC5}"
EndProject
Project("{9A19103F-16F7-4668-BE54-9A1E7A4F7556}") = "CrtUIPlatform7x", "CrtUIPlatform7x\Files\CrtUIPlatform7x.csproj", "{80FD1461-C6EB-4918-99FB-24E4014A77DB}"
EndProject
Project("{2150E333-8FDC-42A3-9474-1A3956D46DE8}") = "CrtUISwitcher", "CrtUISwitcher", "{F554EBF5-5D02-46FA-95EC-AE699A081ED7}"
EndProject
Project("{9A19103F-16F7-4668-BE54-9A1E7A4F7556}") = "CrtUISwitcher", "CrtUISwitcher\Files\CrtUISwitcher.csproj", "{C729A8CA-544E-40D9-842D-34B92EEB9C12}"
EndProject
Project("{2150E333-8FDC-42A3-9474-1A3956D46DE8}") = "CrtWebFormBase", "CrtWebFormBase", "{FB8CD378-7957-4FA7-8B2A-7CE7B31ACB24}"
EndProject
Project("{9A19103F-16F7-4668-BE54-9A1E7A4F7556}") = "CrtWebFormBase", "CrtWebFormBase\Files\CrtWebFormBase.csproj", "{83726E1B-0012-49A0-8C90-87006202AD77}"
EndProject
Project("{2150E333-8FDC-42A3-9474-1A3956D46DE8}") = "CrtWebhookServiceBase", "CrtWebhookServiceBase", "{E2D63077-33C4-4C0B-A393-2EB6C31941D6}"
EndProject
Project("{9A19103F-16F7-4668-BE54-9A1E7A4F7556}") = "CrtWebhookServiceBase", "CrtWebhookServiceBase\Files\CrtWebhookServiceBase.csproj", "{4DAF9785-9825-454D-9C6C-DD6C39148419}"
EndProject
Project("{2150E333-8FDC-42A3-9474-1A3956D46DE8}") = "CSL_MaintenanceTools", "CSL_MaintenanceTools", "{2306EDF5-36F7-44DD-99CC-CD89AC4837CB}"
EndProject
Project("{9A19103F-16F7-4668-BE54-9A1E7A4F7556}") = "CSL_MaintenanceTools", "CSL_MaintenanceTools\Files\CSL_MaintenanceTools.csproj", "{AFC09E32-3E41-4C6C-9C30-677E78DE2A6A}"
EndProject
Project("{2150E333-8FDC-42A3-9474-1A3956D46DE8}") = "CSP", "CSP", "{73778C34-768B-4D4E-9F6E-F7341A43243F}"
EndProject
Project("{9A19103F-16F7-4668-BE54-9A1E7A4F7556}") = "CSP", "CSP\Files\CSP.csproj", "{881E245E-D28C-462C-AE7D-44AA441E6888}"
EndProject
Project("{2150E333-8FDC-42A3-9474-1A3956D46DE8}") = "DevClassic", "DevClassic", "{39A4D1B2-B818-4480-ADF6-221B31AD97D3}"
EndProject
Project("{9A19103F-16F7-4668-BE54-9A1E7A4F7556}") = "DevClassic", "DevClassic\Files\DevClassic.csproj", "{D795C685-BBAC-4290-859A-B654801CE516}"
EndProject
Project("{2150E333-8FDC-42A3-9474-1A3956D46DE8}") = "FeatureToggling", "FeatureToggling", "{D0129415-BF9C-407A-8B3C-D31757AA28F6}"
EndProject
Project("{9A19103F-16F7-4668-BE54-9A1E7A4F7556}") = "FeatureToggling", "FeatureToggling\Files\FeatureToggling.csproj", "{648C21DC-12FF-47A7-9203-9B564F4759E7}"
EndProject
Project("{2150E333-8FDC-42A3-9474-1A3956D46DE8}") = "Finesse", "Finesse", "{A5A83996-A547-4429-82C9-FD6E63426D52}"
EndProject
Project("{9A19103F-16F7-4668-BE54-9A1E7A4F7556}") = "Finesse", "Finesse\Files\Finesse.csproj", "{6985E740-5C33-4C20-8421-787BFC4BF24C}"
EndProject
Project("{2150E333-8FDC-42A3-9474-1A3956D46DE8}") = "MLProcessDesigner", "MLProcessDesigner", "{CD3CF474-7E6A-401C-9793-2465AFCF3477}"
EndProject
Project("{9A19103F-16F7-4668-BE54-9A1E7A4F7556}") = "MLProcessDesigner", "MLProcessDesigner\Files\MLProcessDesigner.csproj", "{2F05B54A-90B9-4067-A969-642835AA88EF}"
EndProject
Project("{2150E333-8FDC-42A3-9474-1A3956D46DE8}") = "OpenIdAuth", "OpenIdAuth", "{B9372354-74C3-4F5D-B32A-E68A94E49AFB}"
EndProject
Project("{9A19103F-16F7-4668-BE54-9A1E7A4F7556}") = "OpenIdAuth", "OpenIdAuth\Files\OpenIdAuth.csproj", "{4F2BD98E-5A6E-4146-8820-55431398FD2F}"
EndProject
Project("{2150E333-8FDC-42A3-9474-1A3956D46DE8}") = "SsoSettings", "SsoSettings", "{84D0DCDB-3DB3-4E53-943A-B5BC1C52E04C}"
EndProject
Project("{9A19103F-16F7-4668-BE54-9A1E7A4F7556}") = "SsoSettings", "SsoSettings\Files\SsoSettings.csproj", "{B3525D62-A5D5-450C-AB15-5B3B6F735273}"
EndProject
Project("{2150E333-8FDC-42A3-9474-1A3956D46DE8}") = "UsrCrtCustomer360App_wak6pgh", "UsrCrtCustomer360App_wak6pgh", "{4E85B000-FCA4-4EED-B851-D646461D921D}"
EndProject
Project("{9A19103F-16F7-4668-BE54-9A1E7A4F7556}") = "UsrCrtCustomer360App_wak6pgh", "UsrCrtCustomer360App_wak6pgh\Files\UsrCrtCustomer360App_wak6pgh.csproj", "{1548745C-9E34-47DB-A8BE-E3070ABF005B}"
EndProject
Project("{2150E333-8FDC-42A3-9474-1A3956D46DE8}") = "UsrRealty", "UsrRealty", "{ACACA5F6-4B8A-48FE-9854-0E909CE76927}"
EndProject
Project("{9A19103F-16F7-4668-BE54-9A1E7A4F7556}") = "UsrRealty", "UsrRealty\Files\UsrRealty.csproj", "{BA591230-4735-4CFA-9D39-38D466C9BA4B}"
EndProject
Project("{2150E333-8FDC-42A3-9474-1A3956D46DE8}") = "UsrRealtyMigration", "UsrRealtyMigration", "{3F2184D1-F60D-4F31-8332-6A0DC6B00758}"
EndProject
Project("{9A19103F-16F7-4668-BE54-9A1E7A4F7556}") = "UsrRealtyMigration", "UsrRealtyMigration\Files\UsrRealtyMigration.csproj", "{8C6D1492-1876-4457-A3D0-4F5915EB5C11}"
EndProject
Project("{2150E333-8FDC-42A3-9474-1A3956D46DE8}") = "XSSProtection", "XSSProtection", "{4369AFFD-9713-4527-B66D-7C04FE66A3CD}"
EndProject
Project("{9A19103F-16F7-4668-BE54-9A1E7A4F7556}") = "XSSProtection", "XSSProtection\Files\XSSProtection.csproj", "{1E74D89F-6707-4519-B523-86584829C814}"
EndProject
Global
	GlobalSection(SolutionConfigurationPlatforms) = preSolution
		Debug|Any CPU = Debug|Any CPU
		Release|Any CPU = Release|Any CPU
	EndGlobalSection
	GlobalSection(ProjectConfigurationPlatforms) = postSolution
		{C17377D7-E74B-4E54-8354-9CAC56FCE4FA}.Debug|Any CPU.ActiveCfg = Debug|Any CPU
		{C17377D7-E74B-4E54-8354-9CAC56FCE4FA}.Debug|Any CPU.Build.0 = Debug|Any CPU
		{C17377D7-E74B-4E54-8354-9CAC56FCE4FA}.Release|Any CPU.ActiveCfg = Release|Any CPU
		{C17377D7-E74B-4E54-8354-9CAC56FCE4FA}.Release|Any CPU.Build.0 = Release|Any CPU
		{0A7D8E5F-3AF0-4274-A8E7-80C5B57B2895}.Debug|Any CPU.ActiveCfg = Debug|Any CPU
		{0A7D8E5F-3AF0-4274-A8E7-80C5B57B2895}.Debug|Any CPU.Build.0 = Debug|Any CPU
		{0A7D8E5F-3AF0-4274-A8E7-80C5B57B2895}.Release|Any CPU.ActiveCfg = Release|Any CPU
		{0A7D8E5F-3AF0-4274-A8E7-80C5B57B2895}.Release|Any CPU.Build.0 = Release|Any CPU
		{56E8714D-BDC7-4D9D-BC25-D5E72683FBA1}.Debug|Any CPU.ActiveCfg = Debug|Any CPU
		{56E8714D-BDC7-4D9D-BC25-D5E72683FBA1}.Debug|Any CPU.Build.0 = Debug|Any CPU
		{56E8714D-BDC7-4D9D-BC25-D5E72683FBA1}.Release|Any CPU.ActiveCfg = Release|Any CPU
		{56E8714D-BDC7-4D9D-BC25-D5E72683FBA1}.Release|Any CPU.Build.0 = Release|Any CPU
		{36E2C5C7-B2E5-4CF9-B3B4-7C579AB051AA}.Debug|Any CPU.ActiveCfg = Debug|Any CPU
		{36E2C5C7-B2E5-4CF9-B3B4-7C579AB051AA}.Debug|Any CPU.Build.0 = Debug|Any CPU
		{36E2C5C7-B2E5-4CF9-B3B4-7C579AB051AA}.Release|Any CPU.ActiveCfg = Release|Any CPU
		{36E2C5C7-B2E5-4CF9-B3B4-7C579AB051AA}.Release|Any CPU.Build.0 = Release|Any CPU
		{CB12E2A2-B7E4-4A51-8D91-378A0E84D041}.Debug|Any CPU.ActiveCfg = Debug|Any CPU
		{CB12E2A2-B7E4-4A51-8D91-378A0E84D041}.Debug|Any CPU.Build.0 = Debug|Any CPU
		{CB12E2A2-B7E4-4A51-8D91-378A0E84D041}.Release|Any CPU.ActiveCfg = Release|Any CPU
		{CB12E2A2-B7E4-4A51-8D91-378A0E84D041}.Release|Any CPU.Build.0 = Release|Any CPU
		{84899916-6B77-48A8-9E69-8B55BC3F3EF5}.Debug|Any CPU.ActiveCfg = Debug|Any CPU
		{84899916-6B77-48A8-9E69-8B55BC3F3EF5}.Debug|Any CPU.Build.0 = Debug|Any CPU
		{84899916-6B77-48A8-9E69-8B55BC3F3EF5}.Release|Any CPU.ActiveCfg = Release|Any CPU
		{84899916-6B77-48A8-9E69-8B55BC3F3EF5}.Release|Any CPU.Build.0 = Release|Any CPU
		{20D3E8E7-6DB6-4E5A-9371-2D220FEAC179}.Debug|Any CPU.ActiveCfg = Debug|Any CPU
		{20D3E8E7-6DB6-4E5A-9371-2D220FEAC179}.Debug|Any CPU.Build.0 = Debug|Any CPU
		{20D3E8E7-6DB6-4E5A-9371-2D220FEAC179}.Release|Any CPU.ActiveCfg = Release|Any CPU
		{20D3E8E7-6DB6-4E5A-9371-2D220FEAC179}.Release|Any CPU.Build.0 = Release|Any CPU
		{71271D46-3619-4A53-8559-470CBB0E363F}.Debug|Any CPU.ActiveCfg = Debug|Any CPU
		{71271D46-3619-4A53-8559-470CBB0E363F}.Debug|Any CPU.Build.0 = Debug|Any CPU
		{71271D46-3619-4A53-8559-470CBB0E363F}.Release|Any CPU.ActiveCfg = Release|Any CPU
		{71271D46-3619-4A53-8559-470CBB0E363F}.Release|Any CPU.Build.0 = Release|Any CPU
		{5D7DCD1F-973F-429D-97C0-193ADB16BC59}.Debug|Any CPU.ActiveCfg = Debug|Any CPU
		{5D7DCD1F-973F-429D-97C0-193ADB16BC59}.Debug|Any CPU.Build.0 = Debug|Any CPU
		{5D7DCD1F-973F-429D-97C0-193ADB16BC59}.Release|Any CPU.ActiveCfg = Release|Any CPU
		{5D7DCD1F-973F-429D-97C0-193ADB16BC59}.Release|Any CPU.Build.0 = Release|Any CPU
		{10645FCF-4CA4-4272-AD1A-1CFCE42650F8}.Debug|Any CPU.ActiveCfg = Debug|Any CPU
		{10645FCF-4CA4-4272-AD1A-1CFCE42650F8}.Debug|Any CPU.Build.0 = Debug|Any CPU
		{10645FCF-4CA4-4272-AD1A-1CFCE42650F8}.Release|Any CPU.ActiveCfg = Release|Any CPU
		{10645FCF-4CA4-4272-AD1A-1CFCE42650F8}.Release|Any CPU.Build.0 = Release|Any CPU
		{E84DFA75-7AC5-41BE-9DF6-E1A811E06856}.Debug|Any CPU.ActiveCfg = Debug|Any CPU
		{E84DFA75-7AC5-41BE-9DF6-E1A811E06856}.Debug|Any CPU.Build.0 = Debug|Any CPU
		{E84DFA75-7AC5-41BE-9DF6-E1A811E06856}.Release|Any CPU.ActiveCfg = Release|Any CPU
		{E84DFA75-7AC5-41BE-9DF6-E1A811E06856}.Release|Any CPU.Build.0 = Release|Any CPU
		{7B6B34C5-B30D-4056-90F3-51F8CC0138B0}.Debug|Any CPU.ActiveCfg = Debug|Any CPU
		{7B6B34C5-B30D-4056-90F3-51F8CC0138B0}.Debug|Any CPU.Build.0 = Debug|Any CPU
		{7B6B34C5-B30D-4056-90F3-51F8CC0138B0}.Release|Any CPU.ActiveCfg = Release|Any CPU
		{7B6B34C5-B30D-4056-90F3-51F8CC0138B0}.Release|Any CPU.Build.0 = Release|Any CPU
		{9927206A-B84D-4BA7-9ADB-D7A3AE2ED5B3}.Debug|Any CPU.ActiveCfg = Debug|Any CPU
		{9927206A-B84D-4BA7-9ADB-D7A3AE2ED5B3}.Debug|Any CPU.Build.0 = Debug|Any CPU
		{9927206A-B84D-4BA7-9ADB-D7A3AE2ED5B3}.Release|Any CPU.ActiveCfg = Release|Any CPU
		{9927206A-B84D-4BA7-9ADB-D7A3AE2ED5B3}.Release|Any CPU.Build.0 = Release|Any CPU
		{DB7E8BB4-9737-44C2-B659-F8CA900A1389}.Debug|Any CPU.ActiveCfg = Debug|Any CPU
		{DB7E8BB4-9737-44C2-B659-F8CA900A1389}.Debug|Any CPU.Build.0 = Debug|Any CPU
		{DB7E8BB4-9737-44C2-B659-F8CA900A1389}.Release|Any CPU.ActiveCfg = Release|Any CPU
		{DB7E8BB4-9737-44C2-B659-F8CA900A1389}.Release|Any CPU.Build.0 = Release|Any CPU
		{7B89197D-D8E4-4FB9-8BE0-9CBB36B2A614}.Debug|Any CPU.ActiveCfg = Debug|Any CPU
		{7B89197D-D8E4-4FB9-8BE0-9CBB36B2A614}.Debug|Any CPU.Build.0 = Debug|Any CPU
		{7B89197D-D8E4-4FB9-8BE0-9CBB36B2A614}.Release|Any CPU.ActiveCfg = Release|Any CPU
		{7B89197D-D8E4-4FB9-8BE0-9CBB36B2A614}.Release|Any CPU.Build.0 = Release|Any CPU
		{D2791F38-3B6E-48F4-AE76-710E2995A0A0}.Debug|Any CPU.ActiveCfg = Debug|Any CPU
		{D2791F38-3B6E-48F4-AE76-710E2995A0A0}.Debug|Any CPU.Build.0 = Debug|Any CPU
		{D2791F38-3B6E-48F4-AE76-710E2995A0A0}.Release|Any CPU.ActiveCfg = Release|Any CPU
		{D2791F38-3B6E-48F4-AE76-710E2995A0A0}.Release|Any CPU.Build.0 = Release|Any CPU
		{C6AAFD52-F7C8-4C34-951D-E8AC74009435}.Debug|Any CPU.ActiveCfg = Debug|Any CPU
		{C6AAFD52-F7C8-4C34-951D-E8AC74009435}.Debug|Any CPU.Build.0 = Debug|Any CPU
		{C6AAFD52-F7C8-4C34-951D-E8AC74009435}.Release|Any CPU.ActiveCfg = Release|Any CPU
		{C6AAFD52-F7C8-4C34-951D-E8AC74009435}.Release|Any CPU.Build.0 = Release|Any CPU
		{1EA96B1F-DBD5-4C9C-A289-347AFD6B9FC3}.Debug|Any CPU.ActiveCfg = Debug|Any CPU
		{1EA96B1F-DBD5-4C9C-A289-347AFD6B9FC3}.Debug|Any CPU.Build.0 = Debug|Any CPU
		{1EA96B1F-DBD5-4C9C-A289-347AFD6B9FC3}.Release|Any CPU.ActiveCfg = Release|Any CPU
		{1EA96B1F-DBD5-4C9C-A289-347AFD6B9FC3}.Release|Any CPU.Build.0 = Release|Any CPU
		{79F48627-ABE0-4A7E-9110-0EEF1054819C}.Debug|Any CPU.ActiveCfg = Debug|Any CPU
		{79F48627-ABE0-4A7E-9110-0EEF1054819C}.Debug|Any CPU.Build.0 = Debug|Any CPU
		{79F48627-ABE0-4A7E-9110-0EEF1054819C}.Release|Any CPU.ActiveCfg = Release|Any CPU
		{79F48627-ABE0-4A7E-9110-0EEF1054819C}.Release|Any CPU.Build.0 = Release|Any CPU
		{62384524-791F-4334-B89C-3D33D85B3997}.Debug|Any CPU.ActiveCfg = Debug|Any CPU
		{62384524-791F-4334-B89C-3D33D85B3997}.Debug|Any CPU.Build.0 = Debug|Any CPU
		{62384524-791F-4334-B89C-3D33D85B3997}.Release|Any CPU.ActiveCfg = Release|Any CPU
		{62384524-791F-4334-B89C-3D33D85B3997}.Release|Any CPU.Build.0 = Release|Any CPU
		{2D3E29C5-97C2-42F8-91B7-D97E630FB9CB}.Debug|Any CPU.ActiveCfg = Debug|Any CPU
		{2D3E29C5-97C2-42F8-91B7-D97E630FB9CB}.Debug|Any CPU.Build.0 = Debug|Any CPU
		{2D3E29C5-97C2-42F8-91B7-D97E630FB9CB}.Release|Any CPU.ActiveCfg = Release|Any CPU
		{2D3E29C5-97C2-42F8-91B7-D97E630FB9CB}.Release|Any CPU.Build.0 = Release|Any CPU
		{BF3D8836-411D-42C2-A59F-A8188FDD284F}.Debug|Any CPU.ActiveCfg = Debug|Any CPU
		{BF3D8836-411D-42C2-A59F-A8188FDD284F}.Debug|Any CPU.Build.0 = Debug|Any CPU
		{BF3D8836-411D-42C2-A59F-A8188FDD284F}.Release|Any CPU.ActiveCfg = Release|Any CPU
		{BF3D8836-411D-42C2-A59F-A8188FDD284F}.Release|Any CPU.Build.0 = Release|Any CPU
		{27B83941-A026-4E19-BCCA-3A87E1E59E4E}.Debug|Any CPU.ActiveCfg = Debug|Any CPU
		{27B83941-A026-4E19-BCCA-3A87E1E59E4E}.Debug|Any CPU.Build.0 = Debug|Any CPU
		{27B83941-A026-4E19-BCCA-3A87E1E59E4E}.Release|Any CPU.ActiveCfg = Release|Any CPU
		{27B83941-A026-4E19-BCCA-3A87E1E59E4E}.Release|Any CPU.Build.0 = Release|Any CPU
		{80FD1461-C6EB-4918-99FB-24E4014A77DB}.Debug|Any CPU.ActiveCfg = Debug|Any CPU
		{80FD1461-C6EB-4918-99FB-24E4014A77DB}.Debug|Any CPU.Build.0 = Debug|Any CPU
		{80FD1461-C6EB-4918-99FB-24E4014A77DB}.Release|Any CPU.ActiveCfg = Release|Any CPU
		{80FD1461-C6EB-4918-99FB-24E4014A77DB}.Release|Any CPU.Build.0 = Release|Any CPU
		{C729A8CA-544E-40D9-842D-34B92EEB9C12}.Debug|Any CPU.ActiveCfg = Debug|Any CPU
		{C729A8CA-544E-40D9-842D-34B92EEB9C12}.Debug|Any CPU.Build.0 = Debug|Any CPU
		{C729A8CA-544E-40D9-842D-34B92EEB9C12}.Release|Any CPU.ActiveCfg = Release|Any CPU
		{C729A8CA-544E-40D9-842D-34B92EEB9C12}.Release|Any CPU.Build.0 = Release|Any CPU
		{83726E1B-0012-49A0-8C90-87006202AD77}.Debug|Any CPU.ActiveCfg = Debug|Any CPU
		{83726E1B-0012-49A0-8C90-87006202AD77}.Debug|Any CPU.Build.0 = Debug|Any CPU
		{83726E1B-0012-49A0-8C90-87006202AD77}.Release|Any CPU.ActiveCfg = Release|Any CPU
		{83726E1B-0012-49A0-8C90-87006202AD77}.Release|Any CPU.Build.0 = Release|Any CPU
		{4DAF9785-9825-454D-9C6C-DD6C39148419}.Debug|Any CPU.ActiveCfg = Debug|Any CPU
		{4DAF9785-9825-454D-9C6C-DD6C39148419}.Debug|Any CPU.Build.0 = Debug|Any CPU
		{4DAF9785-9825-454D-9C6C-DD6C39148419}.Release|Any CPU.ActiveCfg = Release|Any CPU
		{4DAF9785-9825-454D-9C6C-DD6C39148419}.Release|Any CPU.Build.0 = Release|Any CPU
		{AFC09E32-3E41-4C6C-9C30-677E78DE2A6A}.Debug|Any CPU.ActiveCfg = Debug|Any CPU
		{AFC09E32-3E41-4C6C-9C30-677E78DE2A6A}.Debug|Any CPU.Build.0 = Debug|Any CPU
		{AFC09E32-3E41-4C6C-9C30-677E78DE2A6A}.Release|Any CPU.ActiveCfg = Release|Any CPU
		{AFC09E32-3E41-4C6C-9C30-677E78DE2A6A}.Release|Any CPU.Build.0 = Release|Any CPU
		{881E245E-D28C-462C-AE7D-44AA441E6888}.Debug|Any CPU.ActiveCfg = Debug|Any CPU
		{881E245E-D28C-462C-AE7D-44AA441E6888}.Debug|Any CPU.Build.0 = Debug|Any CPU
		{881E245E-D28C-462C-AE7D-44AA441E6888}.Release|Any CPU.ActiveCfg = Release|Any CPU
		{881E245E-D28C-462C-AE7D-44AA441E6888}.Release|Any CPU.Build.0 = Release|Any CPU
		{D795C685-BBAC-4290-859A-B654801CE516}.Debug|Any CPU.ActiveCfg = Debug|Any CPU
		{D795C685-BBAC-4290-859A-B654801CE516}.Debug|Any CPU.Build.0 = Debug|Any CPU
		{D795C685-BBAC-4290-859A-B654801CE516}.Release|Any CPU.ActiveCfg = Release|Any CPU
		{D795C685-BBAC-4290-859A-B654801CE516}.Release|Any CPU.Build.0 = Release|Any CPU
		{648C21DC-12FF-47A7-9203-9B564F4759E7}.Debug|Any CPU.ActiveCfg = Debug|Any CPU
		{648C21DC-12FF-47A7-9203-9B564F4759E7}.Debug|Any CPU.Build.0 = Debug|Any CPU
		{648C21DC-12FF-47A7-9203-9B564F4759E7}.Release|Any CPU.ActiveCfg = Release|Any CPU
		{648C21DC-12FF-47A7-9203-9B564F4759E7}.Release|Any CPU.Build.0 = Release|Any CPU
		{6985E740-5C33-4C20-8421-787BFC4BF24C}.Debug|Any CPU.ActiveCfg = Debug|Any CPU
		{6985E740-5C33-4C20-8421-787BFC4BF24C}.Debug|Any CPU.Build.0 = Debug|Any CPU
		{6985E740-5C33-4C20-8421-787BFC4BF24C}.Release|Any CPU.ActiveCfg = Release|Any CPU
		{6985E740-5C33-4C20-8421-787BFC4BF24C}.Release|Any CPU.Build.0 = Release|Any CPU
		{2F05B54A-90B9-4067-A969-642835AA88EF}.Debug|Any CPU.ActiveCfg = Debug|Any CPU
		{2F05B54A-90B9-4067-A969-642835AA88EF}.Debug|Any CPU.Build.0 = Debug|Any CPU
		{2F05B54A-90B9-4067-A969-642835AA88EF}.Release|Any CPU.ActiveCfg = Release|Any CPU
		{2F05B54A-90B9-4067-A969-642835AA88EF}.Release|Any CPU.Build.0 = Release|Any CPU
		{4F2BD98E-5A6E-4146-8820-55431398FD2F}.Debug|Any CPU.ActiveCfg = Debug|Any CPU
		{4F2BD98E-5A6E-4146-8820-55431398FD2F}.Debug|Any CPU.Build.0 = Debug|Any CPU
		{4F2BD98E-5A6E-4146-8820-55431398FD2F}.Release|Any CPU.ActiveCfg = Release|Any CPU
		{4F2BD98E-5A6E-4146-8820-55431398FD2F}.Release|Any CPU.Build.0 = Release|Any CPU
		{B3525D62-A5D5-450C-AB15-5B3B6F735273}.Debug|Any CPU.ActiveCfg = Debug|Any CPU
		{B3525D62-A5D5-450C-AB15-5B3B6F735273}.Debug|Any CPU.Build.0 = Debug|Any CPU
		{B3525D62-A5D5-450C-AB15-5B3B6F735273}.Release|Any CPU.ActiveCfg = Release|Any CPU
		{B3525D62-A5D5-450C-AB15-5B3B6F735273}.Release|Any CPU.Build.0 = Release|Any CPU
		{1548745C-9E34-47DB-A8BE-E3070ABF005B}.Debug|Any CPU.ActiveCfg = Debug|Any CPU
		{1548745C-9E34-47DB-A8BE-E3070ABF005B}.Debug|Any CPU.Build.0 = Debug|Any CPU
		{1548745C-9E34-47DB-A8BE-E3070ABF005B}.Release|Any CPU.ActiveCfg = Release|Any CPU
		{1548745C-9E34-47DB-A8BE-E3070ABF005B}.Release|Any CPU.Build.0 = Release|Any CPU
		{BA591230-4735-4CFA-9D39-38D466C9BA4B}.Debug|Any CPU.ActiveCfg = Debug|Any CPU
		{BA591230-4735-4CFA-9D39-38D466C9BA4B}.Debug|Any CPU.Build.0 = Debug|Any CPU
		{BA591230-4735-4CFA-9D39-38D466C9BA4B}.Release|Any CPU.ActiveCfg = Release|Any CPU
		{BA591230-4735-4CFA-9D39-38D466C9BA4B}.Release|Any CPU.Build.0 = Release|Any CPU
		{8C6D1492-1876-4457-A3D0-4F5915EB5C11}.Debug|Any CPU.ActiveCfg = Debug|Any CPU
		{8C6D1492-1876-4457-A3D0-4F5915EB5C11}.Debug|Any CPU.Build.0 = Debug|Any CPU
		{8C6D1492-1876-4457-A3D0-4F5915EB5C11}.Release|Any CPU.ActiveCfg = Release|Any CPU
		{8C6D1492-1876-4457-A3D0-4F5915EB5C11}.Release|Any CPU.Build.0 = Release|Any CPU
		{1E74D89F-6707-4519-B523-86584829C814}.Debug|Any CPU.ActiveCfg = Debug|Any CPU
		{1E74D89F-6707-4519-B523-86584829C814}.Debug|Any CPU.Build.0 = Debug|Any CPU
		{1E74D89F-6707-4519-B523-86584829C814}.Release|Any CPU.ActiveCfg = Release|Any CPU
		{1E74D89F-6707-4519-B523-86584829C814}.Release|Any CPU.Build.0 = Release|Any CPU
	EndGlobalSection
	GlobalSection(SolutionProperties) = preSolution
		HideSolutionNode = FALSE
	EndGlobalSection
	GlobalSection(NestedProjects) = preSolution
		{C17377D7-E74B-4E54-8354-9CAC56FCE4FA} = {A11084D6-4D2F-4578-8890-37FA76403677}
		{0A7D8E5F-3AF0-4274-A8E7-80C5B57B2895} = {A608E8B9-FE5A-4678-8BB1-486F7FA6E3B1}
		{56E8714D-BDC7-4D9D-BC25-D5E72683FBA1} = {C3693AD2-9EFD-45E6-B31C-FA9927903078}
		{36E2C5C7-B2E5-4CF9-B3B4-7C579AB051AA} = {C572463A-AB20-43C0-A437-0FEE75848844}
		{CB12E2A2-B7E4-4A51-8D91-378A0E84D041} = {C86D7B0D-8870-4C38-BB18-87B6EE2115D0}
		{84899916-6B77-48A8-9E69-8B55BC3F3EF5} = {FAADD57D-9102-4D2B-8C26-F82F9246802C}
		{20D3E8E7-6DB6-4E5A-9371-2D220FEAC179} = {A9F920A1-0DD4-4D12-B56D-7EA7D6D33891}
		{71271D46-3619-4A53-8559-470CBB0E363F} = {CF564142-9A74-4B89-AD49-07684430094B}
		{5D7DCD1F-973F-429D-97C0-193ADB16BC59} = {5A65553E-AC55-4388-965E-D7B0F4846F5F}
		{10645FCF-4CA4-4272-AD1A-1CFCE42650F8} = {ABA04FD3-B79F-412C-8B95-7D9827ADE785}
		{E84DFA75-7AC5-41BE-9DF6-E1A811E06856} = {BCA73644-BFE0-4D14-9664-1DE5C0F3E433}
		{7B6B34C5-B30D-4056-90F3-51F8CC0138B0} = {DA774B5F-9FFD-4A7E-A4BE-83E514901E07}
		{9927206A-B84D-4BA7-9ADB-D7A3AE2ED5B3} = {987E8A06-E417-4E2F-89BE-80D1400DF3BF}
		{DB7E8BB4-9737-44C2-B659-F8CA900A1389} = {51677525-41FF-4E35-A8D9-B5C3414E7BC6}
		{7B89197D-D8E4-4FB9-8BE0-9CBB36B2A614} = {922D6E53-9765-45AE-B23B-7BC9D8AA0A40}
		{D2791F38-3B6E-48F4-AE76-710E2995A0A0} = {5978701B-6C10-4506-B848-DB86828141DD}
		{C6AAFD52-F7C8-4C34-951D-E8AC74009435} = {C7E5C0CA-56FB-453A-B7BD-7DE72643A7F6}
		{1EA96B1F-DBD5-4C9C-A289-347AFD6B9FC3} = {9C9CFF95-52F7-48EB-BFB2-87C1B90281B3}
		{79F48627-ABE0-4A7E-9110-0EEF1054819C} = {7A6D95E4-C0A3-4808-8CC7-B0DCB7A4AFC7}
		{62384524-791F-4334-B89C-3D33D85B3997} = {6E210B52-5BBC-4A9B-82AB-C5F61A51DF4A}
		{2D3E29C5-97C2-42F8-91B7-D97E630FB9CB} = {4C214F8A-E9FD-4586-BE2E-065228606822}
		{BF3D8836-411D-42C2-A59F-A8188FDD284F} = {DFE38417-C7FA-41EB-9287-29DDD95517B8}
		{27B83941-A026-4E19-BCCA-3A87E1E59E4E} = {846E5B0B-541F-4622-8746-78D2A381095D}
		{80FD1461-C6EB-4918-99FB-24E4014A77DB} = {566C773A-C3CE-42EE-B72B-2B959875FFC5}
		{C729A8CA-544E-40D9-842D-34B92EEB9C12} = {F554EBF5-5D02-46FA-95EC-AE699A081ED7}
		{83726E1B-0012-49A0-8C90-87006202AD77} = {FB8CD378-7957-4FA7-8B2A-7CE7B31ACB24}
		{4DAF9785-9825-454D-9C6C-DD6C39148419} = {E2D63077-33C4-4C0B-A393-2EB6C31941D6}
		{AFC09E32-3E41-4C6C-9C30-677E78DE2A6A} = {2306EDF5-36F7-44DD-99CC-CD89AC4837CB}
		{881E245E-D28C-462C-AE7D-44AA441E6888} = {73778C34-768B-4D4E-9F6E-F7341A43243F}
		{D795C685-BBAC-4290-859A-B654801CE516} = {39A4D1B2-B818-4480-ADF6-221B31AD97D3}
		{648C21DC-12FF-47A7-9203-9B564F4759E7} = {D0129415-BF9C-407A-8B3C-D31757AA28F6}
		{6985E740-5C33-4C20-8421-787BFC4BF24C} = {A5A83996-A547-4429-82C9-FD6E63426D52}
		{2F05B54A-90B9-4067-A969-642835AA88EF} = {CD3CF474-7E6A-401C-9793-2465AFCF3477}
		{4F2BD98E-5A6E-4146-8820-55431398FD2F} = {B9372354-74C3-4F5D-B32A-E68A94E49AFB}
		{B3525D62-A5D5-450C-AB15-5B3B6F735273} = {84D0DCDB-3DB3-4E53-943A-B5BC1C52E04C}
		{1548745C-9E34-47DB-A8BE-E3070ABF005B} = {4E85B000-FCA4-4EED-B851-D646461D921D}
		{BA591230-4735-4CFA-9D39-38D466C9BA4B} = {ACACA5F6-4B8A-48FE-9854-0E909CE76927}
		{8C6D1492-1876-4457-A3D0-4F5915EB5C11} = {3F2184D1-F60D-4F31-8332-6A0DC6B00758}
		{1E74D89F-6707-4519-B523-86584829C814} = {4369AFFD-9713-4527-B66D-7C04FE66A3CD}
	EndGlobalSection
	GlobalSection(ExtensibilityGlobals) = postSolution
		SolutionGuid = {025E198A-A8B1-409C-963F-F03FB6A39E82}
	EndGlobalSection
EndGlobal
